
Microsoft Visual Studio Solution File, Format Version 12.00
# Visual Studio Version 17
VisualStudioVersion = 17.14.36121.58 d17.14
MinimumVisualStudioVersion = 10.0.40219.1
Project("{FAE04EC0-301F-11D3-BF4B-00C04F79EFBC}") = "NET_LAB4W", "NET_LAB4W\NET_LAB4W.csproj", "{D3F493D2-731F-4E5E-9DD2-CACAFC0A9B13}"
EndProject
Global
	GlobalSection(SolutionConfigurationPlatforms) = preSolution
		Debug|Any CPU = Debug|Any CPU
		Release|Any CPU = Release|Any CPU
	EndGlobalSection
	GlobalSection(ProjectConfigurationPlatforms) = postSolution
		{D3F493D2-731F-4E5E-9DD2-CACAFC0A9B13}.Debug|Any CPU.ActiveCfg = Debug|Any CPU
		{D3F493D2-731F-4E5E-9DD2-CACAFC0A9B13}.Debug|Any CPU.Build.0 = Debug|Any CPU
		{D3F493D2-731F-4E5E-9DD2-CACAFC0A9B13}.Release|Any CPU.ActiveCfg = Release|Any CPU
		{D3F493D2-731F-4E5E-9DD2-CACAFC0A9B13}.Release|Any CPU.Build.0 = Release|Any CPU
	EndGlobalSection
	GlobalSection(SolutionProperties) = preSolution
		HideSolutionNode = FALSE
	EndGlobalSection
	GlobalSection(ExtensibilityGlobals) = postSolution
		SolutionGuid = {B3EB2A75-06F2-470E-90D1-D656F501E42B}
	EndGlobalSection
EndGlobal
